// !$*UTF8*$!
{
	archiveVersion = 1;
	classes = {
	};
	objectVersion = 46;
	objects = {

/* Begin PBXBuildFile section */
		F2915CB51DD9892E00A98B1A /* AppDelegate.swift in Sources */ = {isa = PBXBuildFile; fileRef = F2915CB41DD9892E00A98B1A /* AppDelegate.swift */; };
		F2915CB71DD9892E00A98B1A /* ViewController.swift in Sources */ = {isa = PBXBuildFile; fileRef = F2915CB61DD9892E00A98B1A /* ViewController.swift */; };
		F2915CBA1DD9892E00A98B1A /* Main.storyboard in Resources */ = {isa = PBXBuildFile; fileRef = F2915CB81DD9892E00A98B1A /* Main.storyboard */; };
		F2915CBC1DD9892E00A98B1A /* Assets.xcassets in Resources */ = {isa = PBXBuildFile; fileRef = F2915CBB1DD9892E00A98B1A /* Assets.xcassets */; };
		F2915CBF1DD9892E00A98B1A /* LaunchScreen.storyboard in Resources */ = {isa = PBXBuildFile; fileRef = F2915CBD1DD9892E00A98B1A /* LaunchScreen.storyboard */; };
		F2915CC71DD9897C00A98B1A /* DRBezierWaveView.swift in Sources */ = {isa = PBXBuildFile; fileRef = F2915CC61DD9897C00A98B1A /* DRBezierWaveView.swift */; };
/* End PBXBuildFile section */

/* Begin PBXFileReference section */
		F2915CB11DD9892E00A98B1A /* DRWaveProgress.app */ = {isa = PBXFileReference; explicitFileType = wrapper.application; includeInIndex = 0; path = DRWaveProgress.app; sourceTree = BUILT_PRODUCTS_DIR; };
		F2915CB41DD9892E00A98B1A /* AppDelegate.swift */ = {isa = PBXFileReference; lastKnownFileType = sourcecode.swift; path = AppDelegate.swift; sourceTree = "<group>"; };
		F2915CB61DD9892E00A98B1A /* ViewController.swift */ = {isa = PBXFileReference; lastKnownFileType = sourcecode.swift; path = ViewController.swift; sourceTree = "<group>"; };
		F2915CB91DD9892E00A98B1A /* Base */ = {isa = PBXFileReference; lastKnownFileType = file.storyboard; name = Base; path = Base.lproj/Main.storyboard; sourceTree = "<group>"; };
		F2915CBB1DD9892E00A98B1A /* Assets.xcassets */ = {isa = PBXFileReference; lastKnownFileType = folder.assetcatalog; path = Assets.xcassets; sourceTree = "<group>"; };
		F2915CBE1DD9892E00A98B1A /* Base */ = {isa = PBXFileReference; lastKnownFileType = file.storyboard; name = Base; path = Base.lproj/LaunchScreen.storyboard; sourceTree = "<group>"; };
		F2915CC01DD9892E00A98B1A /* Info.plist */ = {isa = PBXFileReference; lastKnownFileType = text.plist.xml; path = Info.plist; sourceTree = "<group>"; };
		F2915CC61DD9897C00A98B1A /* DRBezierWaveView.swift */ = {isa = PBXFileReference; fileEncoding = 4; lastKnownFileType = sourcecode.swift; path = DRBezierWaveView.swift; sourceTree = "<group>"; };
/* End PBXFileReference section */

/* Begin PBXFrameworksBuildPhase section */
		F2915CAE1DD9892E00A98B1A /* Frameworks */ = {
			isa = PBXFrameworksBuildPhase;
			buildActionMask = 2147483647;
			files = (
			);
			runOnlyForDeploymentPostprocessing = 0;
		};
/* End PBXFrameworksBuildPhase section */

/* Begin PBXGroup section */
		F2915CA81DD9892E00A98B1A = {
			isa = PBXGroup;
			children = (
				F2915CB31DD9892E00A98B1A /* DRWaveProgress */,
				F2915CB21DD9892E00A98B1A /* Products */,
			);
			sourceTree = "<group>";
		};
		F2915CB21DD9892E00A98B1A /* Products */ = {
			isa = PBXGroup;
			children = (
				F2915CB11DD9892E00A98B1A /* DRWaveProgress.app */,
			);
			name = Products;
			sourceTree = "<group>";
		};
		F2915CB31DD9892E00A98B1A /* DRWaveProgress */ = {
			isa = PBXGroup;
			children = (
				F2915CB41DD9892E00A98B1A /* AppDelegate.swift */,
				F2915CB61DD9892E00A98B1A /* ViewController.swift */,
				F2915CC61DD9897C00A98B1A /* DRBezierWaveView.swift */,
				F2915CB81DD9892E00A98B1A /* Main.storyboard */,
				F2915CBB1DD9892E00A98B1A /* Assets.xcassets */,
				F2915CBD1DD9892E00A98B1A /* LaunchScreen.storyboard */,
				F2915CC01DD9892E00A98B1A /* Info.plist */,
			);
			path = DRWaveProgress;
			sourceTree = "<group>";
		};
/* End PBXGroup section */

/* Begin PBXNativeTarget section */
		F2915CB01DD9892E00A98B1A /* DRWaveProgress */ = {
			isa = PBXNativeTarget;
			buildConfigurationList = F2915CC31DD9892E00A98B1A /* Build configuration list for PBXNativeTarget "DRWaveProgress" */;
			buildPhases = (
				F2915CAD1DD9892E00A98B1A /* Sources */,
				F2915CAE1DD9892E00A98B1A /* Frameworks */,
				F2915CAF1DD9892E00A98B1A /* Resources */,
			);
			buildRules = (
			);
			dependencies = (
			);
			name = DRWaveProgress;
			productName = DRWaveProgress;
			productReference = F2915CB11DD9892E00A98B1A /* DRWaveProgress.app */;
			productType = "com.apple.product-type.application";
		};
/* End PBXNativeTarget section */

/* Begin PBXProject section */
		F2915CA91DD9892E00A98B1A /* Project object */ = {
			isa = PBXProject;
			attributes = {
				LastSwiftUpdateCheck = 0800;
				LastUpgradeCheck = 0800;
				ORGANIZATIONNAME = xqzh;
				TargetAttributes = {
					F2915CB01DD9892E00A98B1A = {
						CreatedOnToolsVersion = 8.0;
						DevelopmentTeam = X342LX7QRW;
						ProvisioningStyle = Automatic;
					};
				};
			};
			buildConfigurationList = F2915CAC1DD9892E00A98B1A /* Build configuration list for PBXProject "DRWaveProgress" */;
			compatibilityVersion = "Xcode 3.2";
			developmentRegion = English;
			hasScannedForEncodings = 0;
			knownRegions = (
				en,
				Base,
			);
			mainGroup = F2915CA81DD9892E00A98B1A;
			productRefGroup = F2915CB21DD9892E00A98B1A /* Products */;
			projectDirPath = "";
			projectRoot = "";
			targets = (
				F2915CB01DD9892E00A98B1A /* DRWaveProgress */,
			);
		};
/* End PBXProject section */

/* Begin PBXResourcesBuildPhase section */
		F2915CAF1DD9892E00A98B1A /* Resources */ = {
			isa = PBXResourcesBuildPhase;
			buildActionMask = 2147483647;
			files = (
				F2915CBF1DD9892E00A98B1A /* LaunchScreen.storyboard in Resources */,
				F2915CBC1DD9892E00A98B1A /* Assets.xcassets in Resources */,
				F2915CBA1DD9892E00A98B1A /* Main.storyboard in Resources */,
			);
			runOnlyForDeploymentPostprocessing = 0;
		};
/* End PBXResourcesBuildPhase section */

/* Begin PBXSourcesBuildPhase section */
		F2915CAD1DD9892E00A98B1A /* Sources */ = {
			isa = PBXSourcesBuildPhase;
			buildActionMask = 2147483647;
			files = (
				F2915CB71DD9892E00A98B1A /* ViewController.swift in Sources */,
				F2915CC71DD9897C00A98B1A /* DRBezierWaveView.swift in Sources */,
				F2915CB51DD9892E00A98B1A /* AppDelegate.swift in Sources */,
			);
			runOnlyForDeploymentPostprocessing = 0;
		};
/* End PBXSourcesBuildPhase section */

/* Begin PBXVariantGroup section */
		F2915CB81DD9892E00A98B1A /* Main.storyboard */ = {
			isa = PBXVariantGroup;
			children = (
				F2915CB91DD9892E00A98B1A /* Base */,
			);
			name = Main.storyboard;
			sourceTree = "<group>";
		};
		F2915CBD1DD9892E00A98B1A /* LaunchScreen.storyboard */ = {
			isa = PBXVariantGroup;
			children = (
				F2915CBE1DD9892E00A98B1A /* Base */,
			);
			name = LaunchScreen.storyboard;
			sourceTree = "<group>";
		};
/* End PBXVariantGroup section */

/* Begin XCBuildConfiguration section */
		F2915CC11DD9892E00A98B1A /* Debug */ = {
			isa = XCBuildConfiguration;
			buildSettings = {
				ALWAYS_SEARCH_USER_PATHS = NO;
				CLANG_ANALYZER_NONNULL = YES;
				CLANG_CXX_LANGUAGE_STANDARD = "gnu++0x";
				CLANG_CXX_LIBRARY = "libc++";
				CLANG_ENABLE_MODULES = YES;
				CLANG_ENABLE_OBJC_ARC = YES;
				CLANG_WARN_BOOL_CONVERSION = YES;
				CLANG_WARN_CONSTANT_CONVERSION = YES;
				CLANG_WARN_DIRECT_OBJC_ISA_USAGE = YES_ERROR;
				CLANG_WARN_DOCUMENTATION_COMMENTS = YES;
				CLANG_WARN_EMPTY_BODY = YES;
				CLANG_WARN_ENUM_CONVERSION = YES;
				CLANG_WARN_INFINITE_RECURSION = YES;
				CLANG_WARN_INT_CONVERSION = YES;
				CLANG_WARN_OBJC_ROOT_CLASS = YES_ERROR;
				CLANG_WARN_SUSPICIOUS_MOVES = YES;
				CLANG_WARN_UNREACHABLE_CODE = YES;
				CLANG_WARN__DUPLICATE_METHOD_MATCH = YES;
				"CODE_SIGN_IDENTITY[sdk=iphoneos*]" = "iPhone Developer";
				COPY_PHASE_STRIP = NO;
				DEBUG_INFORMATION_FORMAT = dwarf;
				ENABLE_STRICT_OBJC_MSGSEND = YES;
				ENABLE_TESTABILITY = YES;
				GCC_C_LANGUAGE_STANDARD = gnu99;
				GCC_DYNAMIC_NO_PIC = NO;
				GCC_NO_COMMON_BLOCKS = YES;
				GCC_OPTIMIZATION_LEVEL = 0;
				GCC_PREPROCESSOR_DEFINITIONS = (
					"DEBUG=1",
					"$(inherited)",
				);
				GCC_WARN_64_TO_32_BIT_CONVERSION = YES;
				GCC_WARN_ABOUT_RETURN_TYPE = YES_ERROR;
				GCC_WARN_UNDECLARED_SELECTOR = YES;
				GCC_WARN_UNINITIALIZED_AUTOS = YES_AGGRESSIVE;
				GCC_WARN_UNUSED_FUNCTION = YES;
				GCC_WARN_UNUSED_VARIABLE = YES;
				IPHONEOS_DEPLOYMENT_TARGET = 10.0;
				MTL_ENABLE_DEBUG_INFO = YES;
				ONLY_ACTIVE_ARCH = YES;
				SDKROOT = iphoneos;
				SWIFT_ACTIVE_COMPILATION_CONDITIONS = DEBUG;
				SWIFT_OPTIMIZATION_LEVEL = "-Onone";
				TARGETED_DEVICE_FAMILY = "1,2";
			};
			name = Debug;
		};
		F2915CC21DD9892E00A98B1A /* Release */ = {
			isa = XCBuildConfiguration;
			buildSettings = {
				ALWAYS_SEARCH_USER_PATHS = NO;
				CLANG_ANALYZER_NONNULL = YES;
				CLANG_CXX_LANGUAGE_STANDARD = "gnu++0x";
				CLANG_CXX_LIBRARY = "libc++";
				CLANG_ENABLE_MODULES = YES;
				CLANG_ENABLE_OBJC_ARC = YES;
				CLANG_WARN_BOOL_CONVERSION = YES;
				CLANG_WARN_CONSTANT_CONVERSION = YES;
				CLANG_WARN_DIRECT_OBJC_ISA_USAGE = YES_ERROR;
				CLANG_WARN_DOCUMENTATION_COMMENTS = YES;
				CLANG_WARN_EMPTY_BODY = YES;
				CLANG_WARN_ENUM_CONVERSION = YES;
				CLANG_WARN_INFINITE_RECURSION = YES;
				CLANG_WARN_INT_CONVERSION = YES;
				CLANG_WARN_OBJC_ROOT_CLASS = YES_ERROR;
				CLANG_WARN_SUSPICIOUS_MOVES = YES;
				CLANG_WARN_UNREACHABLE_CODE = YES;
				CLANG_WARN__DUPLICATE_METHOD_MATCH = YES;
				"CODE_SIGN_IDENTITY[sdk=iphoneos*]" = "iPhone Developer";
				COPY_PHASE_STRIP = NO;
				DEBUG_INFORMATION_FORMAT = "dwarf-with-dsym";
				ENABLE_NS_ASSERTIONS = NO;
				ENABLE_STRICT_OBJC_MSGSEND = YES;
				GCC_C_LANGUAGE_STANDARD = gnu99;
				GCC_NO_COMMON_BLOCKS = YES;
				GCC_WARN_64_TO_32_BIT_CONVERSION = YES;
				GCC_WARN_ABOUT_RETURN_TYPE = YES_ERROR;
				GCC_WARN_UNDECLARED_SELECTOR = YES;
				GCC_WARN_UNINITIALIZED_AUTOS = YES_AGGRESSIVE;
				GCC_WARN_UNUSED_FUNCTION = YES;
				GCC_WARN_UNUSED_VARIABLE = YES;
				IPHONEOS_DEPLOYMENT_TARGET = 10.0;
				MTL_ENABLE_DEBUG_INFO = NO;
				SDKROOT = iphoneos;
				SWIFT_OPTIMIZATION_LEVEL = "-Owholemodule";
				TARGETED_DEVICE_FAMILY = "1,2";
				VALIDATE_PRODUCT = YES;
			};
			name = Release;
		};
		F2915CC41DD9892E00A98B1A /* Debug */ = {
			isa = XCBuildConfiguration;
			buildSettings = {
				ASSETCATALOG_COMPILER_APPICON_NAME = AppIcon;
				DEVELOPMENT_TEAM = X342LX7QRW;
				INFOPLIST_FILE = DRWaveProgress/Info.plist;
				LD_RUNPATH_SEARCH_PATHS = "$(inherited) @executable_path/Frameworks";
				PRODUCT_BUNDLE_IDENTIFIER = com.zxq.DRWaveProgress;
				PRODUCT_NAME = "$(TARGET_NAME)";
				SWIFT_VERSION = 3.0;
			};
			name = Debug;
		};
		F2915CC51DD9892E00A98B1A /* Release */ = {
			isa = XCBuildConfiguration;
			buildSettings = {
				ASSETCATALOG_COMPILER_APPICON_NAME = AppIcon;
				DEVELOPMENT_TEAM = X342LX7QRW;
				INFOPLIST_FILE = DRWaveProgress/Info.plist;
				LD_RUNPATH_SEARCH_PATHS = "$(inherited) @executable_path/Frameworks";
				PRODUCT_BUNDLE_IDENTIFIER = com.zxq.DRWaveProgress;
				PRODUCT_NAME = "$(TARGET_NAME)";
				SWIFT_VERSION = 3.0;
			};
			name = Release;
		};
/* End XCBuildConfiguration section */

/* Begin XCConfigurationList section */
		F2915CAC1DD9892E00A98B1A /* Build configuration list for PBXProject "DRWaveProgress" */ = {
			isa = XCConfigurationList;
			buildConfigurations = (
				F2915CC11DD9892E00A98B1A /* Debug */,
				F2915CC21DD9892E00A98B1A /* Release */,
			);
			defaultConfigurationIsVisible = 0;
			defaultConfigurationName = Release;
		};
		F2915CC31DD9892E00A98B1A /* Build configuration list for PBXNativeTarget "DRWaveProgress" */ = {
			isa = XCConfigurationList;
			buildConfigurations = (
				F2915CC41DD9892E00A98B1A /* Debug */,
				F2915CC51DD9892E00A98B1A /* Release */,
			);
			defaultConfigurationIsVisible = 0;
		};
/* End XCConfigurationList section */
	};
	rootObject = F2915CA91DD9892E00A98B1A /* Project object */;
}
